# This file is automatically @generated by Cargo.
# It is not intended for manual editing.
version = 3

[[package]]
name = "avm-rs"
version = "0.1.0"
dependencies = [
 "avm_rs_component",
 "avm_rs_memory",
]

[[package]]
name = "avm_rs_component"
version = "0.1.0"
dependencies = [
 "avm_rs_memory",
]

[[package]]
name = "avm_rs_memory"
version = "0.1.0"
